
Microsoft Visual Studio Solution File, Format Version 12.00
# Visual Studio Version 17
VisualStudioVersion = 17.11.35208.52
MinimumVisualStudioVersion = 10.0.40219.1
Project("{FAE04EC0-301F-11D3-BF4B-00C04F79EFBC}") = "01_MainSubjects", "01_MainSubjects\01_MainSubjects.csproj", "{9311FE09-F6EE-49E6-AC43-61A30C4ED96E}"
EndProject
Project("{FAE04EC0-301F-11D3-BF4B-00C04F79EFBC}") = "02_Variables", "02_Variables\02_Variables.csproj", "{C2F589A5-3AB8-4ED0-B85B-79C79260E024}"
EndProject
Global
	GlobalSection(SolutionConfigurationPlatforms) = preSolution
		Debug|Any CPU = Debug|Any CPU
		Release|Any CPU = Release|Any CPU
	EndGlobalSection
	GlobalSection(ProjectConfigurationPlatforms) = postSolution
		{9311FE09-F6EE-49E6-AC43-61A30C4ED96E}.Debug|Any CPU.ActiveCfg = Debug|Any CPU
		{9311FE09-F6EE-49E6-AC43-61A30C4ED96E}.Debug|Any CPU.Build.0 = Debug|Any CPU
		{9311FE09-F6EE-49E6-AC43-61A30C4ED96E}.Release|Any CPU.ActiveCfg = Release|Any CPU
		{9311FE09-F6EE-49E6-AC43-61A30C4ED96E}.Release|Any CPU.Build.0 = Release|Any CPU
		{C2F589A5-3AB8-4ED0-B85B-79C79260E024}.Debug|Any CPU.ActiveCfg = Debug|Any CPU
		{C2F589A5-3AB8-4ED0-B85B-79C79260E024}.Debug|Any CPU.Build.0 = Debug|Any CPU
		{C2F589A5-3AB8-4ED0-B85B-79C79260E024}.Release|Any CPU.ActiveCfg = Release|Any CPU
		{C2F589A5-3AB8-4ED0-B85B-79C79260E024}.Release|Any CPU.Build.0 = Release|Any CPU
	EndGlobalSection
	GlobalSection(SolutionProperties) = preSolution
		HideSolutionNode = FALSE
	EndGlobalSection
	GlobalSection(ExtensibilityGlobals) = postSolution
		SolutionGuid = {D8D54D15-064F-4D99-9248-B5390FC70877}
	EndGlobalSection
EndGlobal
